// !$*UTF8*$!
{
	archiveVersion = 1;
	classes = {
	};
	objectVersion = 56;
	objects = {

/* Begin PBXBuildFile section */
		A50AB76A2B3AC98100936627 /* MainScreen.swift in Sources */ = {isa = PBXBuildFile; fileRef = A50AB7692B3AC98100936627 /* MainScreen.swift */; };
		A50AB76C2B3AC9A900936627 /* ksaView.swift in Sources */ = {isa = PBXBuildFile; fileRef = A50AB76B2B3AC9A900936627 /* ksaView.swift */; };
		A50AB76E2B3AC9B300936627 /* mapView.swift in Sources */ = {isa = PBXBuildFile; fileRef = A50AB76D2B3AC9B300936627 /* mapView.swift */; };
		A50AB7722B3ACE8C00936627 /* Localizable.xcstrings in Resources */ = {isa = PBXBuildFile; fileRef = A50AB7712B3ACE8C00936627 /* Localizable.xcstrings */; };
		A567002D2B31C22A008EBC50 /* TerhalApp.swift in Sources */ = {isa = PBXBuildFile; fileRef = A567002C2B31C22A008EBC50 /* TerhalApp.swift */; };
		A56700312B31C22B008EBC50 /* Assets.xcassets in Resources */ = {isa = PBXBuildFile; fileRef = A56700302B31C22B008EBC50 /* Assets.xcassets */; };
		A56700342B31C22B008EBC50 /* Preview Assets.xcassets in Resources */ = {isa = PBXBuildFile; fileRef = A56700332B31C22B008EBC50 /* Preview Assets.xcassets */; };
		B160BAD02B31DDC100DC5051 /* SplashView.swift in Sources */ = {isa = PBXBuildFile; fileRef = B160BACF2B31DDC100DC5051 /* SplashView.swift */; };
/* End PBXBuildFile section */

/* Begin PBXFileReference section */
		A50AB7692B3AC98100936627 /* MainScreen.swift */ = {isa = PBXFileReference; lastKnownFileType = sourcecode.swift; name = MainScreen.swift; path = ../MainScreen.swift; sourceTree = "<group>"; };
		A50AB76B2B3AC9A900936627 /* ksaView.swift */ = {isa = PBXFileReference; lastKnownFileType = sourcecode.swift; path = ksaView.swift; sourceTree = "<group>"; };
		A50AB76D2B3AC9B300936627 /* mapView.swift */ = {isa = PBXFileReference; lastKnownFileType = sourcecode.swift; path = mapView.swift; sourceTree = "<group>"; };
		A50AB7712B3ACE8C00936627 /* Localizable.xcstrings */ = {isa = PBXFileReference; fileEncoding = 4; lastKnownFileType = text.json.xcstrings; name = Localizable.xcstrings; path = "Terhal/Preview Content/Localizable.xcstrings"; sourceTree = "<group>"; };
		A56700292B31C22A008EBC50 /* Terhal.app */ = {isa = PBXFileReference; explicitFileType = wrapper.application; includeInIndex = 0; path = Terhal.app; sourceTree = BUILT_PRODUCTS_DIR; };
		A567002C2B31C22A008EBC50 /* TerhalApp.swift */ = {isa = PBXFileReference; lastKnownFileType = sourcecode.swift; path = TerhalApp.swift; sourceTree = "<group>"; };
		A56700302B31C22B008EBC50 /* Assets.xcassets */ = {isa = PBXFileReference; lastKnownFileType = folder.assetcatalog; path = Assets.xcassets; sourceTree = "<group>"; };
		A56700332B31C22B008EBC50 /* Preview Assets.xcassets */ = {isa = PBXFileReference; lastKnownFileType = folder.assetcatalog; path = "Preview Assets.xcassets"; sourceTree = "<group>"; };
		B160BACF2B31DDC100DC5051 /* SplashView.swift */ = {isa = PBXFileReference; lastKnownFileType = sourcecode.swift; path = SplashView.swift; sourceTree = "<group>"; };
/* End PBXFileReference section */

/* Begin PBXFrameworksBuildPhase section */
		A56700262B31C22A008EBC50 /* Frameworks */ = {
			isa = PBXFrameworksBuildPhase;
			buildActionMask = 2147483647;
			files = (
			);
			runOnlyForDeploymentPostprocessing = 0;
		};
/* End PBXFrameworksBuildPhase section */

/* Begin PBXGroup section */
		A56700202B31C22A008EBC50 = {
			isa = PBXGroup;
			children = (
				A50AB7712B3ACE8C00936627 /* Localizable.xcstrings */,
				A567002B2B31C22A008EBC50 /* Terhal */,
				A567002A2B31C22A008EBC50 /* Products */,
			);
			sourceTree = "<group>";
		};
		A567002A2B31C22A008EBC50 /* Products */ = {
			isa = PBXGroup;
			children = (
				A56700292B31C22A008EBC50 /* Terhal.app */,
			);
			name = Products;
			sourceTree = "<group>";
		};
		A567002B2B31C22A008EBC50 /* Terhal */ = {
			isa = PBXGroup;
			children = (
				A567002C2B31C22A008EBC50 /* TerhalApp.swift */,
				B160BACF2B31DDC100DC5051 /* SplashView.swift */,
				A50AB7692B3AC98100936627 /* MainScreen.swift */,
				A50AB76B2B3AC9A900936627 /* ksaView.swift */,
				A50AB76D2B3AC9B300936627 /* mapView.swift */,
				A56700302B31C22B008EBC50 /* Assets.xcassets */,
				A56700322B31C22B008EBC50 /* Preview Content */,
			);
			path = Terhal;
			sourceTree = "<group>";
		};
		A56700322B31C22B008EBC50 /* Preview Content */ = {
			isa = PBXGroup;
			children = (
				A56700332B31C22B008EBC50 /* Preview Assets.xcassets */,
			);
			path = "Preview Content";
			sourceTree = "<group>";
		};
/* End PBXGroup section */

/* Begin PBXNativeTarget section */
		A56700282B31C22A008EBC50 /* Terhal */ = {
			isa = PBXNativeTarget;
			buildConfigurationList = A56700372B31C22B008EBC50 /* Build configuration list for PBXNativeTarget "Terhal" */;
			buildPhases = (
				A56700252B31C22A008EBC50 /* Sources */,
				A56700262B31C22A008EBC50 /* Frameworks */,
				A56700272B31C22A008EBC50 /* Resources */,
			);
			buildRules = (
			);
			dependencies = (
			);
			name = Terhal;
			productName = Terhal;
			productReference = A56700292B31C22A008EBC50 /* Terhal.app */;
			productType = "com.apple.product-type.application";
		};
/* End PBXNativeTarget section */

/* Begin PBXProject section */
		A56700212B31C22A008EBC50 /* Project object */ = {
			isa = PBXProject;
			attributes = {
				BuildIndependentTargetsInParallel = 1;
				LastSwiftUpdateCheck = 1500;
				LastUpgradeCheck = 1500;
				TargetAttributes = {
					A56700282B31C22A008EBC50 = {
						CreatedOnToolsVersion = 15.0.1;
					};
				};
			};
			buildConfigurationList = A56700242B31C22A008EBC50 /* Build configuration list for PBXProject "Terhal" */;
			compatibilityVersion = "Xcode 14.0";
			developmentRegion = en;
			hasScannedForEncodings = 0;
			knownRegions = (
				en,
				Base,
			);
			mainGroup = A56700202B31C22A008EBC50;
			productRefGroup = A567002A2B31C22A008EBC50 /* Products */;
			projectDirPath = "";
			projectRoot = "";
			targets = (
				A56700282B31C22A008EBC50 /* Terhal */,
			);
		};
/* End PBXProject section */

/* Begin PBXResourcesBuildPhase section */
		A56700272B31C22A008EBC50 /* Resources */ = {
			isa = PBXResourcesBuildPhase;
			buildActionMask = 2147483647;
			files = (
				A56700342B31C22B008EBC50 /* Preview Assets.xcassets in Resources */,
				A56700312B31C22B008EBC50 /* Assets.xcassets in Resources */,
				A50AB7722B3ACE8C00936627 /* Localizable.xcstrings in Resources */,
			);
			runOnlyForDeploymentPostprocessing = 0;
		};
/* End PBXResourcesBuildPhase section */

/* Begin PBXSourcesBuildPhase section */
		A56700252B31C22A008EBC50 /* Sources */ = {
			isa = PBXSourcesBuildPhase;
			buildActionMask = 2147483647;
			files = (
				A50AB76A2B3AC98100936627 /* MainScreen.swift in Sources */,
				B160BAD02B31DDC100DC5051 /* SplashView.swift in Sources */,
				A567002D2B31C22A008EBC50 /* TerhalApp.swift in Sources */,
				A50AB76C2B3AC9A900936627 /* ksaView.swift in Sources */,
				A50AB76E2B3AC9B300936627 /* mapView.swift in Sources */,
			);
			runOnlyForDeploymentPostprocessing = 0;
		};
/* End PBXSourcesBuildPhase section */

/* Begin XCBuildConfiguration section */
		A56700352B31C22B008EBC50 /* Debug */ = {
			isa = XCBuildConfiguration;
			buildSettings = {
				ALWAYS_SEARCH_USER_PATHS = NO;
				ASSETCATALOG_COMPILER_GENERATE_SWIFT_ASSET_SYMBOL_EXTENSIONS = YES;
				CLANG_ANALYZER_NONNULL = YES;
				CLANG_ANALYZER_NUMBER_OBJECT_CONVERSION = YES_AGGRESSIVE;
				CLANG_CXX_LANGUAGE_STANDARD = "gnu++20";
				CLANG_ENABLE_MODULES = YES;
				CLANG_ENABLE_OBJC_ARC = YES;
				CLANG_ENABLE_OBJC_WEAK = YES;
				CLANG_WARN_BLOCK_CAPTURE_AUTORELEASING = YES;
				CLANG_WARN_BOOL_CONVERSION = YES;
				CLANG_WARN_COMMA = YES;
				CLANG_WARN_CONSTANT_CONVERSION = YES;
				CLANG_WARN_DEPRECATED_OBJC_IMPLEMENTATIONS = YES;
				CLANG_WARN_DIRECT_OBJC_ISA_USAGE = YES_ERROR;
				CLANG_WARN_DOCUMENTATION_COMMENTS = YES;
				CLANG_WARN_EMPTY_BODY = YES;
				CLANG_WARN_ENUM_CONVERSION = YES;
				CLANG_WARN_INFINITE_RECURSION = YES;
				CLANG_WARN_INT_CONVERSION = YES;
				CLANG_WARN_NON_LITERAL_NULL_CONVERSION = YES;
				CLANG_WARN_OBJC_IMPLICIT_RETAIN_SELF = YES;
				CLANG_WARN_OBJC_LITERAL_CONVERSION = YES;
				CLANG_WARN_OBJC_ROOT_CLASS = YES_ERROR;
				CLANG_WARN_QUOTED_INCLUDE_IN_FRAMEWORK_HEADER = YES;
				CLANG_WARN_RANGE_LOOP_ANALYSIS = YES;
				CLANG_WARN_STRICT_PROTOTYPES = YES;
				CLANG_WARN_SUSPICIOUS_MOVE = YES;
				CLANG_WARN_UNGUARDED_AVAILABILITY = YES_AGGRESSIVE;
				CLANG_WARN_UNREACHABLE_CODE = YES;
				CLANG_WARN__DUPLICATE_METHOD_MATCH = YES;
				COPY_PHASE_STRIP = NO;
				DEBUG_INFORMATION_FORMAT = dwarf;
				ENABLE_STRICT_OBJC_MSGSEND = YES;
				ENABLE_TESTABILITY = YES;
				ENABLE_USER_SCRIPT_SANDBOXING = YES;
				GCC_C_LANGUAGE_STANDARD = gnu17;
				GCC_DYNAMIC_NO_PIC = NO;
				GCC_NO_COMMON_BLOCKS = YES;
				GCC_OPTIMIZATION_LEVEL = 0;
				GCC_PREPROCESSOR_DEFINITIONS = (
					"DEBUG=1",
					"$(inherited)",
				);
				GCC_WARN_64_TO_32_BIT_CONVERSION = YES;
				GCC_WARN_ABOUT_RETURN_TYPE = YES_ERROR;
				GCC_WARN_UNDECLARED_SELECTOR = YES;
				GCC_WARN_UNINITIALIZED_AUTOS = YES_AGGRESSIVE;
				GCC_WARN_UNUSED_FUNCTION = YES;
				GCC_WARN_UNUSED_VARIABLE = YES;
				IPHONEOS_DEPLOYMENT_TARGET = 17.0;
				LOCALIZATION_PREFERS_STRING_CATALOGS = YES;
				MTL_ENABLE_DEBUG_INFO = INCLUDE_SOURCE;
				MTL_FAST_MATH = YES;
				ONLY_ACTIVE_ARCH = YES;
				SDKROOT = iphoneos;
				SWIFT_ACTIVE_COMPILATION_CONDITIONS = "DEBUG $(inherited)";
				SWIFT_OPTIMIZATION_LEVEL = "-Onone";
			};
			name = Debug;
		};
		A56700362B31C22B008EBC50 /* Release */ = {
			isa = XCBuildConfiguration;
			buildSettings = {
				ALWAYS_SEARCH_USER_PATHS = NO;
				ASSETCATALOG_COMPILER_GENERATE_SWIFT_ASSET_SYMBOL_EXTENSIONS = YES;
				CLANG_ANALYZER_NONNULL = YES;
				CLANG_ANALYZER_NUMBER_OBJECT_CONVERSION = YES_AGGRESSIVE;
				CLANG_CXX_LANGUAGE_STANDARD = "gnu++20";
				CLANG_ENABLE_MODULES = YES;
				CLANG_ENABLE_OBJC_ARC = YES;
				CLANG_ENABLE_OBJC_WEAK = YES;
				CLANG_WARN_BLOCK_CAPTURE_AUTORELEASING = YES;
				CLANG_WARN_BOOL_CONVERSION = YES;
				CLANG_WARN_COMMA = YES;
				CLANG_WARN_CONSTANT_CONVERSION = YES;
				CLANG_WARN_DEPRECATED_OBJC_IMPLEMENTATIONS = YES;
				CLANG_WARN_DIRECT_OBJC_ISA_USAGE = YES_ERROR;
				CLANG_WARN_DOCUMENTATION_COMMENTS = YES;
				CLANG_WARN_EMPTY_BODY = YES;
				CLANG_WARN_ENUM_CONVERSION = YES;
				CLANG_WARN_INFINITE_RECURSION = YES;
				CLANG_WARN_INT_CONVERSION = YES;
				CLANG_WARN_NON_LITERAL_NULL_CONVERSION = YES;
				CLANG_WARN_OBJC_IMPLICIT_RETAIN_SELF = YES;
				CLANG_WARN_OBJC_LITERAL_CONVERSION = YES;
				CLANG_WARN_OBJC_ROOT_CLASS = YES_ERROR;
				CLANG_WARN_QUOTED_INCLUDE_IN_FRAMEWORK_HEADER = YES;
				CLANG_WARN_RANGE_LOOP_ANALYSIS = YES;
				CLANG_WARN_STRICT_PROTOTYPES = YES;
				CLANG_WARN_SUSPICIOUS_MOVE = YES;
				CLANG_WARN_UNGUARDED_AVAILABILITY = YES_AGGRESSIVE;
				CLANG_WARN_UNREACHABLE_CODE = YES;
				CLANG_WARN__DUPLICATE_METHOD_MATCH = YES;
				COPY_PHASE_STRIP = NO;
				DEBUG_INFORMATION_FORMAT = "dwarf-with-dsym";
				ENABLE_NS_ASSERTIONS = NO;
				ENABLE_STRICT_OBJC_MSGSEND = YES;
				ENABLE_USER_SCRIPT_SANDBOXING = YES;
				GCC_C_LANGUAGE_STANDARD = gnu17;
				GCC_NO_COMMON_BLOCKS = YES;
				GCC_WARN_64_TO_32_BIT_CONVERSION = YES;
				GCC_WARN_ABOUT_RETURN_TYPE = YES_ERROR;
				GCC_WARN_UNDECLARED_SELECTOR = YES;
				GCC_WARN_UNINITIALIZED_AUTOS = YES_AGGRESSIVE;
				GCC_WARN_UNUSED_FUNCTION = YES;
				GCC_WARN_UNUSED_VARIABLE = YES;
				IPHONEOS_DEPLOYMENT_TARGET = 17.0;
				LOCALIZATION_PREFERS_STRING_CATALOGS = YES;
				MTL_ENABLE_DEBUG_INFO = NO;
				MTL_FAST_MATH = YES;
				SDKROOT = iphoneos;
				SWIFT_COMPILATION_MODE = wholemodule;
				VALIDATE_PRODUCT = YES;
			};
			name = Release;
		};
		A56700382B31C22B008EBC50 /* Debug */ = {
			isa = XCBuildConfiguration;
			buildSettings = {
				ASSETCATALOG_COMPILER_APPICON_NAME = AppIcon;
				ASSETCATALOG_COMPILER_GLOBAL_ACCENT_COLOR_NAME = AccentColor;
				CODE_SIGN_STYLE = Automatic;
				CURRENT_PROJECT_VERSION = 1;
				DEVELOPMENT_ASSET_PATHS = "\"Terhal/Preview Content\"";
				ENABLE_PREVIEWS = YES;
				GENERATE_INFOPLIST_FILE = YES;
				INFOPLIST_KEY_UIApplicationSceneManifest_Generation = YES;
				INFOPLIST_KEY_UIApplicationSupportsIndirectInputEvents = YES;
				INFOPLIST_KEY_UILaunchScreen_Generation = YES;
				INFOPLIST_KEY_UISupportedInterfaceOrientations_iPad = "UIInterfaceOrientationPortrait UIInterfaceOrientationPortraitUpsideDown UIInterfaceOrientationLandscapeLeft UIInterfaceOrientationLandscapeRight";
				INFOPLIST_KEY_UISupportedInterfaceOrientations_iPhone = "UIInterfaceOrientationPortrait UIInterfaceOrientationLandscapeLeft UIInterfaceOrientationLandscapeRight";
				LD_RUNPATH_SEARCH_PATHS = (
					"$(inherited)",
					"@executable_path/Frameworks",
				);
				MARKETING_VERSION = 1.0;
				PRODUCT_BUNDLE_IDENTIFIER = twq.Terhal;
				PRODUCT_NAME = "$(TARGET_NAME)";
				SWIFT_EMIT_LOC_STRINGS = YES;
				SWIFT_VERSION = 5.0;
				TARGETED_DEVICE_FAMILY = "1,2";
			};
			name = Debug;
		};
		A56700392B31C22B008EBC50 /* Release */ = {
			isa = XCBuildConfiguration;
			buildSettings = {
				ASSETCATALOG_COMPILER_APPICON_NAME = AppIcon;
				ASSETCATALOG_COMPILER_GLOBAL_ACCENT_COLOR_NAME = AccentColor;
				CODE_SIGN_STYLE = Automatic;
				CURRENT_PROJECT_VERSION = 1;
				DEVELOPMENT_ASSET_PATHS = "\"Terhal/Preview Content\"";
				ENABLE_PREVIEWS = YES;
				GENERATE_INFOPLIST_FILE = YES;
				INFOPLIST_KEY_UIApplicationSceneManifest_Generation = YES;
				INFOPLIST_KEY_UIApplicationSupportsIndirectInputEvents = YES;
				INFOPLIST_KEY_UILaunchScreen_Generation = YES;
				INFOPLIST_KEY_UISupportedInterfaceOrientations_iPad = "UIInterfaceOrientationPortrait UIInterfaceOrientationPortraitUpsideDown UIInterfaceOrientationLandscapeLeft UIInterfaceOrientationLandscapeRight";
				INFOPLIST_KEY_UISupportedInterfaceOrientations_iPhone = "UIInterfaceOrientationPortrait UIInterfaceOrientationLandscapeLeft UIInterfaceOrientationLandscapeRight";
				LD_RUNPATH_SEARCH_PATHS = (
					"$(inherited)",
					"@executable_path/Frameworks",
				);
				MARKETING_VERSION = 1.0;
				PRODUCT_BUNDLE_IDENTIFIER = twq.Terhal;
				PRODUCT_NAME = "$(TARGET_NAME)";
				SWIFT_EMIT_LOC_STRINGS = YES;
				SWIFT_VERSION = 5.0;
				TARGETED_DEVICE_FAMILY = "1,2";
			};
			name = Release;
		};
/* End XCBuildConfiguration section */

/* Begin XCConfigurationList section */
		A56700242B31C22A008EBC50 /* Build configuration list for PBXProject "Terhal" */ = {
			isa = XCConfigurationList;
			buildConfigurations = (
				A56700352B31C22B008EBC50 /* Debug */,
				A56700362B31C22B008EBC50 /* Release */,
			);
			defaultConfigurationIsVisible = 0;
			defaultConfigurationName = Release;
		};
		A56700372B31C22B008EBC50 /* Build configuration list for PBXNativeTarget "Terhal" */ = {
			isa = XCConfigurationList;
			buildConfigurations = (
				A56700382B31C22B008EBC50 /* Debug */,
				A56700392B31C22B008EBC50 /* Release */,
			);
			defaultConfigurationIsVisible = 0;
			defaultConfigurationName = Release;
		};
/* End XCConfigurationList section */
	};
	rootObject = A56700212B31C22A008EBC50 /* Project object */;
}
